
Microsoft Visual Studio Solution File, Format Version 12.00
# Visual Studio Version 17
VisualStudioVersion = 17.4.33213.308
MinimumVisualStudioVersion = 10.0.40219.1
Project("{FAE04EC0-301F-11D3-BF4B-00C04F79EFBC}") = "SchoolApp.Api", "SchoolApp.Api\SchoolApp.Api.csproj", "{28943438-3450-400C-A751-60E1BD68603D}"
EndProject
Global
	GlobalSection(SolutionConfigurationPlatforms) = preSolution
		Debug|Any CPU = Debug|Any CPU
		Release|Any CPU = Release|Any CPU
	EndGlobalSection
	GlobalSection(ProjectConfigurationPlatforms) = postSolution
		{28943438-3450-400C-A751-60E1BD68603D}.Debug|Any CPU.ActiveCfg = Debug|Any CPU
		{28943438-3450-400C-A751-60E1BD68603D}.Debug|Any CPU.Build.0 = Debug|Any CPU
		{28943438-3450-400C-A751-60E1BD68603D}.Release|Any CPU.ActiveCfg = Release|Any CPU
		{28943438-3450-400C-A751-60E1BD68603D}.Release|Any CPU.Build.0 = Release|Any CPU
	EndGlobalSection
	GlobalSection(SolutionProperties) = preSolution
		HideSolutionNode = FALSE
	EndGlobalSection
	GlobalSection(ExtensibilityGlobals) = postSolution
		SolutionGuid = {8FD82833-CD72-4CF4-B5B6-C1343C4EAF8A}
	EndGlobalSection
EndGlobal
